
Microsoft Visual Studio Solution File, Format Version 12.00
# Visual Studio Version 17
VisualStudioVersion = 17.7.34221.43
MinimumVisualStudioVersion = 10.0.40219.1
Project("{FAE04EC0-301F-11D3-BF4B-00C04F79EFBC}") = "PatronCommand", "PatronCommand.csproj", "{4E0B76FF-D7B2-4D71-BA58-AAF72D3AAA08}"
EndProject
Global
	GlobalSection(SolutionConfigurationPlatforms) = preSolution
		Debug|Any CPU = Debug|Any CPU
		Release|Any CPU = Release|Any CPU
	EndGlobalSection
	GlobalSection(ProjectConfigurationPlatforms) = postSolution
		{4E0B76FF-D7B2-4D71-BA58-AAF72D3AAA08}.Debug|Any CPU.ActiveCfg = Debug|Any CPU
		{4E0B76FF-D7B2-4D71-BA58-AAF72D3AAA08}.Debug|Any CPU.Build.0 = Debug|Any CPU
		{4E0B76FF-D7B2-4D71-BA58-AAF72D3AAA08}.Release|Any CPU.ActiveCfg = Release|Any CPU
		{4E0B76FF-D7B2-4D71-BA58-AAF72D3AAA08}.Release|Any CPU.Build.0 = Release|Any CPU
	EndGlobalSection
	GlobalSection(SolutionProperties) = preSolution
		HideSolutionNode = FALSE
	EndGlobalSection
	GlobalSection(ExtensibilityGlobals) = postSolution
		SolutionGuid = {1CADBB9B-AF70-4AC8-A224-A62C39E64531}
	EndGlobalSection
EndGlobal
